{
    "_meta": {
        "hash": {
            "sha256": "a2cc53ba7d525b3f53f0518e64c3d20a7c5f88e0e6a7ef1929e7904161292146"
        },
        "host-environment-markers": {
            "implementation_name": "cpython",
            "implementation_version": "3.7.3",
            "os_name": "posix",
            "platform_machine": "x86_64",
            "platform_python_implementation": "CPython",
            "platform_release": "18.7.0",
            "platform_system": "Darwin",
            "platform_version": "Darwin Kernel Version 18.7.0: Tue Aug 20 16:57:14 PDT 2019; root:xnu-4903.271.2~2/RELEASE_X86_64",
            "python_full_version": "3.7.3",
            "python_version": "3.7",
            "sys_platform": "darwin"
        },
        "pipfile-spec": 6,
        "requires": {
            "python_version": "3.7"
        },
        "sources": [
            {
                "name": "pypi",
                "url": "https://pypi.org/simple",
                "verify_ssl": true
            }
        ]
    },
    "default": {
        "certifi": {
            "hashes": [],
            "version": "==2019.9.11"
        },
        "chardet": {
            "hashes": [],
            "version": "==3.0.4"
        },
        "django": {
            "hashes": [],
            "version": "==2.2.3"
        },
        "djangorestframework": {
            "hashes": [],
            "version": "==3.9.2"
        },
        "idna": {
            "hashes": [],
            "version": "==2.8"
        },
        "psycopg2-binary": {
            "hashes": [],
            "version": "==2.8.3"
        },
        "python-dotenv": {
            "hashes": [],
            "version": "==0.10.3"
        },
        "pytz": {
            "hashes": [],
            "version": "==2019.3"
        },
        "requests": {
            "hashes": [],
            "version": "==2.22.0"
        },
        "sqlparse": {
            "hashes": [],
            "version": "==0.3.0"
        },
        "typing": {
            "hashes": [],
            "markers": "python_version < '3.5'",
            "version": "==3.7.4.1"
        },
        "urllib3": {
            "hashes": [],
            "version": "==1.25.6"
        }
    },
    "develop": {
        "appdirs": {
            "hashes": [],
            "version": "==1.4.3"
        },
        "attrs": {
            "hashes": [],
            "version": "==19.2.0"
        },
        "black": {
            "hashes": [],
            "version": "==19.3b0"
        },
        "click": {
            "hashes": [],
            "version": "==7.0"
        },
        "toml": {
            "hashes": [],
            "version": "==0.10.0"
        }
    }
}
